
Microsoft Visual Studio Solution File, Format Version 12.00
# Visual Studio Version 16
VisualStudioVersion = 16.0.30611.23
MinimumVisualStudioVersion = 10.0.40219.1
Project("{FAE04EC0-301F-11D3-BF4B-00C04F79EFBC}") = "GBA_Application", "GBA_Application\GBA_Application.csproj", "{50192F90-4604-42C8-967C-E6789CAD7048}"
EndProject
Global
	GlobalSection(SolutionConfigurationPlatforms) = preSolution
		Debug|Any CPU = Debug|Any CPU
		Release|Any CPU = Release|Any CPU
	EndGlobalSection
	GlobalSection(ProjectConfigurationPlatforms) = postSolution
		{50192F90-4604-42C8-967C-E6789CAD7048}.Debug|Any CPU.ActiveCfg = Debug|Any CPU
		{50192F90-4604-42C8-967C-E6789CAD7048}.Debug|Any CPU.Build.0 = Debug|Any CPU
		{50192F90-4604-42C8-967C-E6789CAD7048}.Release|Any CPU.ActiveCfg = Release|Any CPU
		{50192F90-4604-42C8-967C-E6789CAD7048}.Release|Any CPU.Build.0 = Release|Any CPU
	EndGlobalSection
	GlobalSection(SolutionProperties) = preSolution
		HideSolutionNode = FALSE
	EndGlobalSection
	GlobalSection(ExtensibilityGlobals) = postSolution
		SolutionGuid = {F8FCBBAF-11DF-4818-8C2C-90F8B122FF2E}
	EndGlobalSection
EndGlobal
